
Microsoft Visual Studio Solution File, Format Version 12.00
# Visual Studio Version 16
VisualStudioVersion = 16.0.29209.62
MinimumVisualStudioVersion = 10.0.40219.1
Project("{FAE04EC0-301F-11D3-BF4B-00C04F79EFBC}") = "BrokerageAccountApi", "BrokerageAccountApi\BrokerageAccountApi.csproj", "{386DE726-57FC-4DD3-8CE1-6ECB3B90AB36}"
EndProject
Project("{9A19103F-16F7-4668-BE54-9A1E7A4F7556}") = "Framework.ApiUtil", "..\Common\Framework.ApiUtil\Framework.ApiUtil.csproj", "{76651D99-DA4C-4FFC-B730-AAF2D013D495}"
EndProject
Project("{FAE04EC0-301F-11D3-BF4B-00C04F79EFBC}") = "BrokerageAccountApi.Core", "BrokerageAccountApi.Core\BrokerageAccountApi.Core.csproj", "{F89D5056-B0EC-43D1-B87F-5A3E314E3210}"
EndProject
Project("{FAE04EC0-301F-11D3-BF4B-00C04F79EFBC}") = "BrokerageAccountApi.Data.EF", "BrokerageAccountApi.Data.EF\BrokerageAccountApi.Data.EF.csproj", "{F4CA03E1-D8A5-4C73-82D0-223076531727}"
EndProject
Global
	GlobalSection(SolutionConfigurationPlatforms) = preSolution
		Debug|Any CPU = Debug|Any CPU
		Release|Any CPU = Release|Any CPU
	EndGlobalSection
	GlobalSection(ProjectConfigurationPlatforms) = postSolution
		{386DE726-57FC-4DD3-8CE1-6ECB3B90AB36}.Debug|Any CPU.ActiveCfg = Debug|Any CPU
		{386DE726-57FC-4DD3-8CE1-6ECB3B90AB36}.Debug|Any CPU.Build.0 = Debug|Any CPU
		{386DE726-57FC-4DD3-8CE1-6ECB3B90AB36}.Release|Any CPU.ActiveCfg = Release|Any CPU
		{386DE726-57FC-4DD3-8CE1-6ECB3B90AB36}.Release|Any CPU.Build.0 = Release|Any CPU
		{76651D99-DA4C-4FFC-B730-AAF2D013D495}.Debug|Any CPU.ActiveCfg = Debug|Any CPU
		{76651D99-DA4C-4FFC-B730-AAF2D013D495}.Debug|Any CPU.Build.0 = Debug|Any CPU
		{76651D99-DA4C-4FFC-B730-AAF2D013D495}.Release|Any CPU.ActiveCfg = Release|Any CPU
		{76651D99-DA4C-4FFC-B730-AAF2D013D495}.Release|Any CPU.Build.0 = Release|Any CPU
		{F89D5056-B0EC-43D1-B87F-5A3E314E3210}.Debug|Any CPU.ActiveCfg = Debug|Any CPU
		{F89D5056-B0EC-43D1-B87F-5A3E314E3210}.Debug|Any CPU.Build.0 = Debug|Any CPU
		{F89D5056-B0EC-43D1-B87F-5A3E314E3210}.Release|Any CPU.ActiveCfg = Release|Any CPU
		{F89D5056-B0EC-43D1-B87F-5A3E314E3210}.Release|Any CPU.Build.0 = Release|Any CPU
		{F4CA03E1-D8A5-4C73-82D0-223076531727}.Debug|Any CPU.ActiveCfg = Debug|Any CPU
		{F4CA03E1-D8A5-4C73-82D0-223076531727}.Debug|Any CPU.Build.0 = Debug|Any CPU
		{F4CA03E1-D8A5-4C73-82D0-223076531727}.Release|Any CPU.ActiveCfg = Release|Any CPU
		{F4CA03E1-D8A5-4C73-82D0-223076531727}.Release|Any CPU.Build.0 = Release|Any CPU
	EndGlobalSection
	GlobalSection(SolutionProperties) = preSolution
		HideSolutionNode = FALSE
	EndGlobalSection
	GlobalSection(ExtensibilityGlobals) = postSolution
		SolutionGuid = {932EBF62-86C6-4B3D-9563-407DDD805495}
	EndGlobalSection
EndGlobal
