
Microsoft Visual Studio Solution File, Format Version 12.00
# Visual Studio Version 16
VisualStudioVersion = 16.0.29209.62
MinimumVisualStudioVersion = 10.0.40219.1
Project("{9A19103F-16F7-4668-BE54-9A1E7A4F7556}") = "SecuritiesApi", "SecuritiesApi\SecuritiesApi.csproj", "{A953D0F6-A67E-41E4-B09C-05A43C9D694B}"
EndProject
Project("{9A19103F-16F7-4668-BE54-9A1E7A4F7556}") = "Securities.Core", "Securities.Core\Securities.Core.csproj", "{9B5B8F95-1ADE-424A-BB64-B4DBA32523B3}"
EndProject
Project("{9A19103F-16F7-4668-BE54-9A1E7A4F7556}") = "Securities.Data.Dapper", "Securities.Data.Dapper\Securities.Data.Dapper.csproj", "{ED615E07-832F-4BD0-9CED-FE499329D757}"
EndProject
Project("{2150E333-8FDC-42A3-9474-1A3956D46DE8}") = "Framework Projects", "Framework Projects", "{1AE3C63D-4D0B-488F-B49D-94EF3DED1FAD}"
EndProject
Project("{9A19103F-16F7-4668-BE54-9A1E7A4F7556}") = "DavidBerry.Framework", "..\FrameworkProjects\DavidBerry.Framework\DavidBerry.Framework\DavidBerry.Framework.csproj", "{0D81D2F3-CF6F-4547-903F-DA0639A2D002}"
EndProject
Project("{9A19103F-16F7-4668-BE54-9A1E7A4F7556}") = "DavidBerry.Framework.ApiUtil", "..\FrameworkProjects\DavidBerry.Framework.ApiUtil\DavidBerry.Framework.ApiUtil\DavidBerry.Framework.ApiUtil.csproj", "{B7748588-29E1-472A-8EAB-3DCB8066BD48}"
EndProject
Global
	GlobalSection(SolutionConfigurationPlatforms) = preSolution
		Debug|Any CPU = Debug|Any CPU
		Release|Any CPU = Release|Any CPU
	EndGlobalSection
	GlobalSection(ProjectConfigurationPlatforms) = postSolution
		{A953D0F6-A67E-41E4-B09C-05A43C9D694B}.Debug|Any CPU.ActiveCfg = Debug|Any CPU
		{A953D0F6-A67E-41E4-B09C-05A43C9D694B}.Debug|Any CPU.Build.0 = Debug|Any CPU
		{A953D0F6-A67E-41E4-B09C-05A43C9D694B}.Release|Any CPU.ActiveCfg = Release|Any CPU
		{A953D0F6-A67E-41E4-B09C-05A43C9D694B}.Release|Any CPU.Build.0 = Release|Any CPU
		{9B5B8F95-1ADE-424A-BB64-B4DBA32523B3}.Debug|Any CPU.ActiveCfg = Debug|Any CPU
		{9B5B8F95-1ADE-424A-BB64-B4DBA32523B3}.Debug|Any CPU.Build.0 = Debug|Any CPU
		{9B5B8F95-1ADE-424A-BB64-B4DBA32523B3}.Release|Any CPU.ActiveCfg = Release|Any CPU
		{9B5B8F95-1ADE-424A-BB64-B4DBA32523B3}.Release|Any CPU.Build.0 = Release|Any CPU
		{ED615E07-832F-4BD0-9CED-FE499329D757}.Debug|Any CPU.ActiveCfg = Debug|Any CPU
		{ED615E07-832F-4BD0-9CED-FE499329D757}.Debug|Any CPU.Build.0 = Debug|Any CPU
		{ED615E07-832F-4BD0-9CED-FE499329D757}.Release|Any CPU.ActiveCfg = Release|Any CPU
		{ED615E07-832F-4BD0-9CED-FE499329D757}.Release|Any CPU.Build.0 = Release|Any CPU
		{0D81D2F3-CF6F-4547-903F-DA0639A2D002}.Debug|Any CPU.ActiveCfg = Debug|Any CPU
		{0D81D2F3-CF6F-4547-903F-DA0639A2D002}.Debug|Any CPU.Build.0 = Debug|Any CPU
		{0D81D2F3-CF6F-4547-903F-DA0639A2D002}.Release|Any CPU.ActiveCfg = Release|Any CPU
		{0D81D2F3-CF6F-4547-903F-DA0639A2D002}.Release|Any CPU.Build.0 = Release|Any CPU
		{B7748588-29E1-472A-8EAB-3DCB8066BD48}.Debug|Any CPU.ActiveCfg = Debug|Any CPU
		{B7748588-29E1-472A-8EAB-3DCB8066BD48}.Debug|Any CPU.Build.0 = Debug|Any CPU
		{B7748588-29E1-472A-8EAB-3DCB8066BD48}.Release|Any CPU.ActiveCfg = Release|Any CPU
		{B7748588-29E1-472A-8EAB-3DCB8066BD48}.Release|Any CPU.Build.0 = Release|Any CPU
	EndGlobalSection
	GlobalSection(SolutionProperties) = preSolution
		HideSolutionNode = FALSE
	EndGlobalSection
	GlobalSection(NestedProjects) = preSolution
		{0D81D2F3-CF6F-4547-903F-DA0639A2D002} = {1AE3C63D-4D0B-488F-B49D-94EF3DED1FAD}
		{B7748588-29E1-472A-8EAB-3DCB8066BD48} = {1AE3C63D-4D0B-488F-B49D-94EF3DED1FAD}
	EndGlobalSection
	GlobalSection(ExtensibilityGlobals) = postSolution
		SolutionGuid = {18B27055-8B50-4E05-90DF-D1F7E72A1DC5}
	EndGlobalSection
EndGlobal
